{
  "pins" : [
    {
      "identity" : "alamofire",
      "kind" : "remoteSourceControl",
      "location" : "https://github.com/Alamofire/Alamofire.git",
      "state" : {
        "revision" : "63dfa86548c4e5d5c6fd6ed42f638e388cbce529",
        "version" : "5.6.0"
      }
    },
    {
      "identity" : "ink",
      "kind" : "remoteSourceControl",
      "location" : "https://github.com/JohnSundell/Ink.git",
      "state" : {
        "revision" : "77c3d8953374a9cf5418ef0bd7108524999de85a",
        "version" : "0.5.1"
      }
    },
    {
      "identity" : "swiftsoup",
      "kind" : "remoteSourceControl",
      "location" : "https://github.com/scinfu/SwiftSoup.git",
      "state" : {
        "revision" : "41e7c263fb8c277e980ebcb9b0b5f6031d3d4886",
        "version" : "2.4.2"
      }
    }
  ],
  "version" : 2
}
