// !$*UTF8*$!
{
	archiveVersion = 1;
	classes = {
	};
	objectVersion = 55;
	objects = {

/* Begin PBXBuildFile section */
		0F2BF5CF280848F500449575 /* WebView.swift in Sources */ = {isa = PBXBuildFile; fileRef = 0F2BF5CE280848F500449575 /* WebView.swift */; };
		0F2BF5D328084C3800449575 /* Api.swift in Sources */ = {isa = PBXBuildFile; fileRef = 0F2BF5D228084C3800449575 /* Api.swift */; };
		0F2BF5D628084D5C00449575 /* DocFileInfo.swift in Sources */ = {isa = PBXBuildFile; fileRef = 0F2BF5D528084D5C00449575 /* DocFileInfo.swift */; };
		0F2BF5D828084E0B00449575 /* CommitInfo.swift in Sources */ = {isa = PBXBuildFile; fileRef = 0F2BF5D728084E0B00449575 /* CommitInfo.swift */; };
		0F2BF5DB28084EB900449575 /* DocUtils.swift in Sources */ = {isa = PBXBuildFile; fileRef = 0F2BF5DA28084EB900449575 /* DocUtils.swift */; };
		0F2BF5E3280853A100449575 /* MobileNoteTests.swift in Sources */ = {isa = PBXBuildFile; fileRef = 0F2BF5E2280853A100449575 /* MobileNoteTests.swift */; };
		0F349629280847EE002A4A2C /* MobileNoteApp.swift in Sources */ = {isa = PBXBuildFile; fileRef = 0F349628280847EE002A4A2C /* MobileNoteApp.swift */; };
		0F34962B280847EE002A4A2C /* ContentView.swift in Sources */ = {isa = PBXBuildFile; fileRef = 0F34962A280847EE002A4A2C /* ContentView.swift */; };
		0F34962D280847FA002A4A2C /* Assets.xcassets in Resources */ = {isa = PBXBuildFile; fileRef = 0F34962C280847FA002A4A2C /* Assets.xcassets */; };
		0F349630280847FA002A4A2C /* Preview Assets.xcassets in Resources */ = {isa = PBXBuildFile; fileRef = 0F34962F280847FA002A4A2C /* Preview Assets.xcassets */; };
		0F737A9628085C1C00CC5A45 /* Alamofire in Frameworks */ = {isa = PBXBuildFile; productRef = 0F737A9528085C1C00CC5A45 /* Alamofire */; };
		0F737A992808724E00CC5A45 /* DocView.swift in Sources */ = {isa = PBXBuildFile; fileRef = 0F737A982808724E00CC5A45 /* DocView.swift */; };
		0F737A9C2808783D00CC5A45 /* Ink in Frameworks */ = {isa = PBXBuildFile; productRef = 0F737A9B2808783D00CC5A45 /* Ink */; };
		0F73A5B3280AE5FE0087FEB2 /* SwiftSoup in Frameworks */ = {isa = PBXBuildFile; productRef = 0F73A5B2280AE5FE0087FEB2 /* SwiftSoup */; };
		0FA2D9812809688900141E66 /* markdown-v1.css in Resources */ = {isa = PBXBuildFile; fileRef = 0FA2D9802809688900141E66 /* markdown-v1.css */; };
		0FA2D9832809694500141E66 /* BaseData.swift in Sources */ = {isa = PBXBuildFile; fileRef = 0FA2D9822809694500141E66 /* BaseData.swift */; };
		0FA2D9852809B3DE00141E66 /* Category.swift in Sources */ = {isa = PBXBuildFile; fileRef = 0FA2D9842809B3DE00141E66 /* Category.swift */; };
		0FA2D9872809CC3A00141E66 /* CategoryListView.swift in Sources */ = {isa = PBXBuildFile; fileRef = 0FA2D9862809CC3A00141E66 /* CategoryListView.swift */; };
		0FBA4F02281195DC00383B09 /* TOCListView.swift in Sources */ = {isa = PBXBuildFile; fileRef = 0FBA4F01281195DC00383B09 /* TOCListView.swift */; };
		0FD1327E280BF5CC005ACE3B /* doc.js in Resources */ = {isa = PBXBuildFile; fileRef = 0FD1327D280BF5CC005ACE3B /* doc.js */; };
		0FD13281280BF728005ACE3B /* ImageViewer in Frameworks */ = {isa = PBXBuildFile; productRef = 0FD13280280BF728005ACE3B /* ImageViewer */; };
		0FD13283280BF728005ACE3B /* ImageViewerRemote in Frameworks */ = {isa = PBXBuildFile; productRef = 0FD13282280BF728005ACE3B /* ImageViewerRemote */; };
		0FD13286280BFA04005ACE3B /* DocImgBridge.swift in Sources */ = {isa = PBXBuildFile; fileRef = 0FD13285280BFA04005ACE3B /* DocImgBridge.swift */; };
		0FD13288280C591C005ACE3B /* ReviewListView.swift in Sources */ = {isa = PBXBuildFile; fileRef = 0FD13287280C591C005ACE3B /* ReviewListView.swift */; };
		0FD1328C280DA055005ACE3B /* ReviewItem.swift in Sources */ = {isa = PBXBuildFile; fileRef = 0FD1328B280DA055005ACE3B /* ReviewItem.swift */; };
		0FD1C9CE28104BFA006B8566 /* TOCView.swift in Sources */ = {isa = PBXBuildFile; fileRef = 0FD1C9CD28104BFA006B8566 /* TOCView.swift */; };
		0FD1C9D028104CD1006B8566 /* TOCItem.swift in Sources */ = {isa = PBXBuildFile; fileRef = 0FD1C9CF28104CD1006B8566 /* TOCItem.swift */; };
/* End PBXBuildFile section */

/* Begin PBXContainerItemProxy section */
		0F2BF5E4280853A100449575 /* PBXContainerItemProxy */ = {
			isa = PBXContainerItemProxy;
			containerPortal = 0F34961D280847EE002A4A2C /* Project object */;
			proxyType = 1;
			remoteGlobalIDString = 0F349624280847EE002A4A2C;
			remoteInfo = MobileNote;
		};
/* End PBXContainerItemProxy section */

/* Begin PBXFileReference section */
		0F2BF5CE280848F500449575 /* WebView.swift */ = {isa = PBXFileReference; lastKnownFileType = sourcecode.swift; path = WebView.swift; sourceTree = "<group>"; };
		0F2BF5D228084C3800449575 /* Api.swift */ = {isa = PBXFileReference; lastKnownFileType = sourcecode.swift; path = Api.swift; sourceTree = "<group>"; };
		0F2BF5D528084D5C00449575 /* DocFileInfo.swift */ = {isa = PBXFileReference; lastKnownFileType = sourcecode.swift; path = DocFileInfo.swift; sourceTree = "<group>"; };
		0F2BF5D728084E0B00449575 /* CommitInfo.swift */ = {isa = PBXFileReference; lastKnownFileType = sourcecode.swift; path = CommitInfo.swift; sourceTree = "<group>"; };
		0F2BF5DA28084EB900449575 /* DocUtils.swift */ = {isa = PBXFileReference; lastKnownFileType = sourcecode.swift; path = DocUtils.swift; sourceTree = "<group>"; };
		0F2BF5E0280853A100449575 /* MobileNoteTests.xctest */ = {isa = PBXFileReference; explicitFileType = wrapper.cfbundle; includeInIndex = 0; path = MobileNoteTests.xctest; sourceTree = BUILT_PRODUCTS_DIR; };
		0F2BF5E2280853A100449575 /* MobileNoteTests.swift */ = {isa = PBXFileReference; lastKnownFileType = sourcecode.swift; path = MobileNoteTests.swift; sourceTree = "<group>"; };
		0F349625280847EE002A4A2C /* MobileNote.app */ = {isa = PBXFileReference; explicitFileType = wrapper.application; includeInIndex = 0; path = MobileNote.app; sourceTree = BUILT_PRODUCTS_DIR; };
		0F349628280847EE002A4A2C /* MobileNoteApp.swift */ = {isa = PBXFileReference; lastKnownFileType = sourcecode.swift; path = MobileNoteApp.swift; sourceTree = "<group>"; };
		0F34962A280847EE002A4A2C /* ContentView.swift */ = {isa = PBXFileReference; lastKnownFileType = sourcecode.swift; path = ContentView.swift; sourceTree = "<group>"; };
		0F34962C280847FA002A4A2C /* Assets.xcassets */ = {isa = PBXFileReference; lastKnownFileType = folder.assetcatalog; path = Assets.xcassets; sourceTree = "<group>"; };
		0F34962F280847FA002A4A2C /* Preview Assets.xcassets */ = {isa = PBXFileReference; lastKnownFileType = folder.assetcatalog; path = "Preview Assets.xcassets"; sourceTree = "<group>"; };
		0F737A982808724E00CC5A45 /* DocView.swift */ = {isa = PBXFileReference; lastKnownFileType = sourcecode.swift; path = DocView.swift; sourceTree = "<group>"; };
		0FA2D9802809688900141E66 /* markdown-v1.css */ = {isa = PBXFileReference; fileEncoding = 4; lastKnownFileType = text.css; path = "markdown-v1.css"; sourceTree = "<group>"; };
		0FA2D9822809694500141E66 /* BaseData.swift */ = {isa = PBXFileReference; lastKnownFileType = sourcecode.swift; path = BaseData.swift; sourceTree = "<group>"; };
		0FA2D9842809B3DE00141E66 /* Category.swift */ = {isa = PBXFileReference; lastKnownFileType = sourcecode.swift; path = Category.swift; sourceTree = "<group>"; };
		0FA2D9862809CC3A00141E66 /* CategoryListView.swift */ = {isa = PBXFileReference; lastKnownFileType = sourcecode.swift; path = CategoryListView.swift; sourceTree = "<group>"; };
		0FBA4F01281195DC00383B09 /* TOCListView.swift */ = {isa = PBXFileReference; lastKnownFileType = sourcecode.swift; path = TOCListView.swift; sourceTree = "<group>"; };
		0FD1327D280BF5CC005ACE3B /* doc.js */ = {isa = PBXFileReference; fileEncoding = 4; lastKnownFileType = sourcecode.javascript; path = doc.js; sourceTree = "<group>"; };
		0FD13285280BFA04005ACE3B /* DocImgBridge.swift */ = {isa = PBXFileReference; lastKnownFileType = sourcecode.swift; path = DocImgBridge.swift; sourceTree = "<group>"; };
		0FD13287280C591C005ACE3B /* ReviewListView.swift */ = {isa = PBXFileReference; lastKnownFileType = sourcecode.swift; path = ReviewListView.swift; sourceTree = "<group>"; };
		0FD1328B280DA055005ACE3B /* ReviewItem.swift */ = {isa = PBXFileReference; lastKnownFileType = sourcecode.swift; path = ReviewItem.swift; sourceTree = "<group>"; };
		0FD1C9CD28104BFA006B8566 /* TOCView.swift */ = {isa = PBXFileReference; lastKnownFileType = sourcecode.swift; path = TOCView.swift; sourceTree = "<group>"; };
		0FD1C9CF28104CD1006B8566 /* TOCItem.swift */ = {isa = PBXFileReference; lastKnownFileType = sourcecode.swift; path = TOCItem.swift; sourceTree = "<group>"; };
/* End PBXFileReference section */

/* Begin PBXFrameworksBuildPhase section */
		0F2BF5DD280853A100449575 /* Frameworks */ = {
			isa = PBXFrameworksBuildPhase;
			buildActionMask = 2147483647;
			files = (
			);
			runOnlyForDeploymentPostprocessing = 0;
		};
		0F349622280847EE002A4A2C /* Frameworks */ = {
			isa = PBXFrameworksBuildPhase;
			buildActionMask = 2147483647;
			files = (
				0FD13281280BF728005ACE3B /* ImageViewer in Frameworks */,
				0FD13283280BF728005ACE3B /* ImageViewerRemote in Frameworks */,
				0F737A9628085C1C00CC5A45 /* Alamofire in Frameworks */,
				0F737A9C2808783D00CC5A45 /* Ink in Frameworks */,
				0F73A5B3280AE5FE0087FEB2 /* SwiftSoup in Frameworks */,
			);
			runOnlyForDeploymentPostprocessing = 0;
		};
/* End PBXFrameworksBuildPhase section */

/* Begin PBXGroup section */
		0F2BF5D028084BC900449575 /* service */ = {
			isa = PBXGroup;
			children = (
			);
			path = service;
			sourceTree = "<group>";
		};
		0F2BF5D128084BEC00449575 /* repository */ = {
			isa = PBXGroup;
			children = (
				0F2BF5D228084C3800449575 /* Api.swift */,
				0FA2D9822809694500141E66 /* BaseData.swift */,
			);
			path = repository;
			sourceTree = "<group>";
		};
		0F2BF5D428084D4A00449575 /* dto */ = {
			isa = PBXGroup;
			children = (
				0F2BF5D528084D5C00449575 /* DocFileInfo.swift */,
				0F2BF5D728084E0B00449575 /* CommitInfo.swift */,
				0FA2D9842809B3DE00141E66 /* Category.swift */,
				0FD1328B280DA055005ACE3B /* ReviewItem.swift */,
				0FD1C9CF28104CD1006B8566 /* TOCItem.swift */,
			);
			path = dto;
			sourceTree = "<group>";
		};
		0F2BF5D928084EA700449575 /* util */ = {
			isa = PBXGroup;
			children = (
				0F2BF5DA28084EB900449575 /* DocUtils.swift */,
			);
			path = util;
			sourceTree = "<group>";
		};
		0F2BF5E1280853A100449575 /* MobileNoteTests */ = {
			isa = PBXGroup;
			children = (
				0F2BF5E2280853A100449575 /* MobileNoteTests.swift */,
			);
			path = MobileNoteTests;
			sourceTree = "<group>";
		};
		0F34961C280847EE002A4A2C = {
			isa = PBXGroup;
			children = (
				0F349627280847EE002A4A2C /* MobileNote */,
				0F2BF5E1280853A100449575 /* MobileNoteTests */,
				0F349626280847EE002A4A2C /* Products */,
			);
			sourceTree = "<group>";
		};
		0F349626280847EE002A4A2C /* Products */ = {
			isa = PBXGroup;
			children = (
				0F349625280847EE002A4A2C /* MobileNote.app */,
				0F2BF5E0280853A100449575 /* MobileNoteTests.xctest */,
			);
			name = Products;
			sourceTree = "<group>";
		};
		0F349627280847EE002A4A2C /* MobileNote */ = {
			isa = PBXGroup;
			children = (
				0FD13284280BF9E8005ACE3B /* bridge */,
				0FD1327C280BF5A2005ACE3B /* js */,
				0FA2D97F2809680D00141E66 /* css */,
				0F737A972808723000CC5A45 /* views */,
				0F2BF5D928084EA700449575 /* util */,
				0F2BF5D428084D4A00449575 /* dto */,
				0F2BF5D128084BEC00449575 /* repository */,
				0F2BF5D028084BC900449575 /* service */,
				0F349628280847EE002A4A2C /* MobileNoteApp.swift */,
				0F34962A280847EE002A4A2C /* ContentView.swift */,
				0F34962C280847FA002A4A2C /* Assets.xcassets */,
				0F34962E280847FA002A4A2C /* Preview Content */,
				0F2BF5CE280848F500449575 /* WebView.swift */,
			);
			path = MobileNote;
			sourceTree = "<group>";
		};
		0F34962E280847FA002A4A2C /* Preview Content */ = {
			isa = PBXGroup;
			children = (
				0F34962F280847FA002A4A2C /* Preview Assets.xcassets */,
			);
			path = "Preview Content";
			sourceTree = "<group>";
		};
		0F737A972808723000CC5A45 /* views */ = {
			isa = PBXGroup;
			children = (
				0F737A982808724E00CC5A45 /* DocView.swift */,
				0FA2D9862809CC3A00141E66 /* CategoryListView.swift */,
				0FD13287280C591C005ACE3B /* ReviewListView.swift */,
				0FD1C9CD28104BFA006B8566 /* TOCView.swift */,
				0FBA4F01281195DC00383B09 /* TOCListView.swift */,
			);
			path = views;
			sourceTree = "<group>";
		};
		0FA2D97F2809680D00141E66 /* css */ = {
			isa = PBXGroup;
			children = (
				0FA2D9802809688900141E66 /* markdown-v1.css */,
			);
			path = css;
			sourceTree = "<group>";
		};
		0FD1327C280BF5A2005ACE3B /* js */ = {
			isa = PBXGroup;
			children = (
				0FD1327D280BF5CC005ACE3B /* doc.js */,
			);
			path = js;
			sourceTree = "<group>";
		};
		0FD13284280BF9E8005ACE3B /* bridge */ = {
			isa = PBXGroup;
			children = (
				0FD13285280BFA04005ACE3B /* DocImgBridge.swift */,
			);
			path = bridge;
			sourceTree = "<group>";
		};
/* End PBXGroup section */

/* Begin PBXNativeTarget section */
		0F2BF5DF280853A100449575 /* MobileNoteTests */ = {
			isa = PBXNativeTarget;
			buildConfigurationList = 0F2BF5E6280853A100449575 /* Build configuration list for PBXNativeTarget "MobileNoteTests" */;
			buildPhases = (
				0F2BF5DC280853A100449575 /* Sources */,
				0F2BF5DD280853A100449575 /* Frameworks */,
				0F2BF5DE280853A100449575 /* Resources */,
			);
			buildRules = (
			);
			dependencies = (
				0F2BF5E5280853A100449575 /* PBXTargetDependency */,
			);
			name = MobileNoteTests;
			productName = MobileNoteTests;
			productReference = 0F2BF5E0280853A100449575 /* MobileNoteTests.xctest */;
			productType = "com.apple.product-type.bundle.unit-test";
		};
		0F349624280847EE002A4A2C /* MobileNote */ = {
			isa = PBXNativeTarget;
			buildConfigurationList = 0F349633280847FA002A4A2C /* Build configuration list for PBXNativeTarget "MobileNote" */;
			buildPhases = (
				0F349621280847EE002A4A2C /* Sources */,
				0F349622280847EE002A4A2C /* Frameworks */,
				0F349623280847EE002A4A2C /* Resources */,
			);
			buildRules = (
			);
			dependencies = (
			);
			name = MobileNote;
			packageProductDependencies = (
				0F737A9528085C1C00CC5A45 /* Alamofire */,
				0F737A9B2808783D00CC5A45 /* Ink */,
				0F73A5B2280AE5FE0087FEB2 /* SwiftSoup */,
				0FD13280280BF728005ACE3B /* ImageViewer */,
				0FD13282280BF728005ACE3B /* ImageViewerRemote */,
			);
			productName = MobileNote;
			productReference = 0F349625280847EE002A4A2C /* MobileNote.app */;
			productType = "com.apple.product-type.application";
		};
/* End PBXNativeTarget section */

/* Begin PBXProject section */
		0F34961D280847EE002A4A2C /* Project object */ = {
			isa = PBXProject;
			attributes = {
				BuildIndependentTargetsInParallel = 1;
				LastSwiftUpdateCheck = 1330;
				LastUpgradeCheck = 1330;
				TargetAttributes = {
					0F2BF5DF280853A100449575 = {
						CreatedOnToolsVersion = 13.3.1;
						TestTargetID = 0F349624280847EE002A4A2C;
					};
					0F349624280847EE002A4A2C = {
						CreatedOnToolsVersion = 13.3.1;
					};
				};
			};
			buildConfigurationList = 0F349620280847EE002A4A2C /* Build configuration list for PBXProject "MobileNote" */;
			compatibilityVersion = "Xcode 13.0";
			developmentRegion = en;
			hasScannedForEncodings = 0;
			knownRegions = (
				en,
				Base,
			);
			mainGroup = 0F34961C280847EE002A4A2C;
			packageReferences = (
				0F737A9428085C1C00CC5A45 /* XCRemoteSwiftPackageReference "Alamofire" */,
				0F737A9A2808783D00CC5A45 /* XCRemoteSwiftPackageReference "Ink" */,
				0F73A5B1280AE5FE0087FEB2 /* XCRemoteSwiftPackageReference "SwiftSoup" */,
				0FD1327F280BF728005ACE3B /* XCRemoteSwiftPackageReference "swiftui-image-viewer" */,
			);
			productRefGroup = 0F349626280847EE002A4A2C /* Products */;
			projectDirPath = "";
			projectRoot = "";
			targets = (
				0F349624280847EE002A4A2C /* MobileNote */,
				0F2BF5DF280853A100449575 /* MobileNoteTests */,
			);
		};
/* End PBXProject section */

/* Begin PBXResourcesBuildPhase section */
		0F2BF5DE280853A100449575 /* Resources */ = {
			isa = PBXResourcesBuildPhase;
			buildActionMask = 2147483647;
			files = (
			);
			runOnlyForDeploymentPostprocessing = 0;
		};
		0F349623280847EE002A4A2C /* Resources */ = {
			isa = PBXResourcesBuildPhase;
			buildActionMask = 2147483647;
			files = (
				0F349630280847FA002A4A2C /* Preview Assets.xcassets in Resources */,
				0FA2D9812809688900141E66 /* markdown-v1.css in Resources */,
				0F34962D280847FA002A4A2C /* Assets.xcassets in Resources */,
				0FD1327E280BF5CC005ACE3B /* doc.js in Resources */,
			);
			runOnlyForDeploymentPostprocessing = 0;
		};
/* End PBXResourcesBuildPhase section */

/* Begin PBXSourcesBuildPhase section */
		0F2BF5DC280853A100449575 /* Sources */ = {
			isa = PBXSourcesBuildPhase;
			buildActionMask = 2147483647;
			files = (
				0F2BF5E3280853A100449575 /* MobileNoteTests.swift in Sources */,
			);
			runOnlyForDeploymentPostprocessing = 0;
		};
		0F349621280847EE002A4A2C /* Sources */ = {
			isa = PBXSourcesBuildPhase;
			buildActionMask = 2147483647;
			files = (
				0F2BF5D628084D5C00449575 /* DocFileInfo.swift in Sources */,
				0FD13288280C591C005ACE3B /* ReviewListView.swift in Sources */,
				0FD13286280BFA04005ACE3B /* DocImgBridge.swift in Sources */,
				0FA2D9852809B3DE00141E66 /* Category.swift in Sources */,
				0FA2D9872809CC3A00141E66 /* CategoryListView.swift in Sources */,
				0F737A992808724E00CC5A45 /* DocView.swift in Sources */,
				0F2BF5DB28084EB900449575 /* DocUtils.swift in Sources */,
				0FA2D9832809694500141E66 /* BaseData.swift in Sources */,
				0FD1328C280DA055005ACE3B /* ReviewItem.swift in Sources */,
				0F2BF5CF280848F500449575 /* WebView.swift in Sources */,
				0FD1C9CE28104BFA006B8566 /* TOCView.swift in Sources */,
				0F34962B280847EE002A4A2C /* ContentView.swift in Sources */,
				0F2BF5D328084C3800449575 /* Api.swift in Sources */,
				0FD1C9D028104CD1006B8566 /* TOCItem.swift in Sources */,
				0F2BF5D828084E0B00449575 /* CommitInfo.swift in Sources */,
				0FBA4F02281195DC00383B09 /* TOCListView.swift in Sources */,
				0F349629280847EE002A4A2C /* MobileNoteApp.swift in Sources */,
			);
			runOnlyForDeploymentPostprocessing = 0;
		};
/* End PBXSourcesBuildPhase section */

/* Begin PBXTargetDependency section */
		0F2BF5E5280853A100449575 /* PBXTargetDependency */ = {
			isa = PBXTargetDependency;
			target = 0F349624280847EE002A4A2C /* MobileNote */;
			targetProxy = 0F2BF5E4280853A100449575 /* PBXContainerItemProxy */;
		};
/* End PBXTargetDependency section */

/* Begin XCBuildConfiguration section */
		0F2BF5E7280853A100449575 /* Debug */ = {
			isa = XCBuildConfiguration;
			buildSettings = {
				BUNDLE_LOADER = "$(TEST_HOST)";
				CODE_SIGN_STYLE = Automatic;
				CURRENT_PROJECT_VERSION = 1;
				DEVELOPMENT_TEAM = 8FGFU2BT8C;
				GENERATE_INFOPLIST_FILE = YES;
				MARKETING_VERSION = 1.0;
				PRODUCT_BUNDLE_IDENTIFIER = wang.ismy.MobileNoteTests;
				PRODUCT_NAME = "$(TARGET_NAME)";
				SWIFT_EMIT_LOC_STRINGS = NO;
				SWIFT_VERSION = 5.0;
				TARGETED_DEVICE_FAMILY = "1,2";
				TEST_HOST = "$(BUILT_PRODUCTS_DIR)/MobileNote.app/MobileNote";
			};
			name = Debug;
		};
		0F2BF5E8280853A100449575 /* Release */ = {
			isa = XCBuildConfiguration;
			buildSettings = {
				BUNDLE_LOADER = "$(TEST_HOST)";
				CODE_SIGN_STYLE = Automatic;
				CURRENT_PROJECT_VERSION = 1;
				DEVELOPMENT_TEAM = 8FGFU2BT8C;
				GENERATE_INFOPLIST_FILE = YES;
				MARKETING_VERSION = 1.0;
				PRODUCT_BUNDLE_IDENTIFIER = wang.ismy.MobileNoteTests;
				PRODUCT_NAME = "$(TARGET_NAME)";
				SWIFT_EMIT_LOC_STRINGS = NO;
				SWIFT_VERSION = 5.0;
				TARGETED_DEVICE_FAMILY = "1,2";
				TEST_HOST = "$(BUILT_PRODUCTS_DIR)/MobileNote.app/MobileNote";
			};
			name = Release;
		};
		0F349631280847FA002A4A2C /* Debug */ = {
			isa = XCBuildConfiguration;
			buildSettings = {
				ALWAYS_SEARCH_USER_PATHS = NO;
				CLANG_ANALYZER_NONNULL = YES;
				CLANG_ANALYZER_NUMBER_OBJECT_CONVERSION = YES_AGGRESSIVE;
				CLANG_CXX_LANGUAGE_STANDARD = "gnu++17";
				CLANG_ENABLE_MODULES = YES;
				CLANG_ENABLE_OBJC_ARC = YES;
				CLANG_ENABLE_OBJC_WEAK = YES;
				CLANG_WARN_BLOCK_CAPTURE_AUTORELEASING = YES;
				CLANG_WARN_BOOL_CONVERSION = YES;
				CLANG_WARN_COMMA = YES;
				CLANG_WARN_CONSTANT_CONVERSION = YES;
				CLANG_WARN_DEPRECATED_OBJC_IMPLEMENTATIONS = YES;
				CLANG_WARN_DIRECT_OBJC_ISA_USAGE = YES_ERROR;
				CLANG_WARN_DOCUMENTATION_COMMENTS = YES;
				CLANG_WARN_EMPTY_BODY = YES;
				CLANG_WARN_ENUM_CONVERSION = YES;
				CLANG_WARN_INFINITE_RECURSION = YES;
				CLANG_WARN_INT_CONVERSION = YES;
				CLANG_WARN_NON_LITERAL_NULL_CONVERSION = YES;
				CLANG_WARN_OBJC_IMPLICIT_RETAIN_SELF = YES;
				CLANG_WARN_OBJC_LITERAL_CONVERSION = YES;
				CLANG_WARN_OBJC_ROOT_CLASS = YES_ERROR;
				CLANG_WARN_QUOTED_INCLUDE_IN_FRAMEWORK_HEADER = YES;
				CLANG_WARN_RANGE_LOOP_ANALYSIS = YES;
				CLANG_WARN_STRICT_PROTOTYPES = YES;
				CLANG_WARN_SUSPICIOUS_MOVE = YES;
				CLANG_WARN_UNGUARDED_AVAILABILITY = YES_AGGRESSIVE;
				CLANG_WARN_UNREACHABLE_CODE = YES;
				CLANG_WARN__DUPLICATE_METHOD_MATCH = YES;
				COPY_PHASE_STRIP = NO;
				DEBUG_INFORMATION_FORMAT = dwarf;
				ENABLE_STRICT_OBJC_MSGSEND = YES;
				ENABLE_TESTABILITY = YES;
				GCC_C_LANGUAGE_STANDARD = gnu11;
				GCC_DYNAMIC_NO_PIC = NO;
				GCC_NO_COMMON_BLOCKS = YES;
				GCC_OPTIMIZATION_LEVEL = 0;
				GCC_PREPROCESSOR_DEFINITIONS = (
					"DEBUG=1",
					"$(inherited)",
				);
				GCC_WARN_64_TO_32_BIT_CONVERSION = YES;
				GCC_WARN_ABOUT_RETURN_TYPE = YES_ERROR;
				GCC_WARN_UNDECLARED_SELECTOR = YES;
				GCC_WARN_UNINITIALIZED_AUTOS = YES_AGGRESSIVE;
				GCC_WARN_UNUSED_FUNCTION = YES;
				GCC_WARN_UNUSED_VARIABLE = YES;
				IPHONEOS_DEPLOYMENT_TARGET = 15.4;
				MTL_ENABLE_DEBUG_INFO = INCLUDE_SOURCE;
				MTL_FAST_MATH = YES;
				ONLY_ACTIVE_ARCH = YES;
				SDKROOT = iphoneos;
				SWIFT_ACTIVE_COMPILATION_CONDITIONS = DEBUG;
				SWIFT_OPTIMIZATION_LEVEL = "-Onone";
			};
			name = Debug;
		};
		0F349632280847FA002A4A2C /* Release */ = {
			isa = XCBuildConfiguration;
			buildSettings = {
				ALWAYS_SEARCH_USER_PATHS = NO;
				CLANG_ANALYZER_NONNULL = YES;
				CLANG_ANALYZER_NUMBER_OBJECT_CONVERSION = YES_AGGRESSIVE;
				CLANG_CXX_LANGUAGE_STANDARD = "gnu++17";
				CLANG_ENABLE_MODULES = YES;
				CLANG_ENABLE_OBJC_ARC = YES;
				CLANG_ENABLE_OBJC_WEAK = YES;
				CLANG_WARN_BLOCK_CAPTURE_AUTORELEASING = YES;
				CLANG_WARN_BOOL_CONVERSION = YES;
				CLANG_WARN_COMMA = YES;
				CLANG_WARN_CONSTANT_CONVERSION = YES;
				CLANG_WARN_DEPRECATED_OBJC_IMPLEMENTATIONS = YES;
				CLANG_WARN_DIRECT_OBJC_ISA_USAGE = YES_ERROR;
				CLANG_WARN_DOCUMENTATION_COMMENTS = YES;
				CLANG_WARN_EMPTY_BODY = YES;
				CLANG_WARN_ENUM_CONVERSION = YES;
				CLANG_WARN_INFINITE_RECURSION = YES;
				CLANG_WARN_INT_CONVERSION = YES;
				CLANG_WARN_NON_LITERAL_NULL_CONVERSION = YES;
				CLANG_WARN_OBJC_IMPLICIT_RETAIN_SELF = YES;
				CLANG_WARN_OBJC_LITERAL_CONVERSION = YES;
				CLANG_WARN_OBJC_ROOT_CLASS = YES_ERROR;
				CLANG_WARN_QUOTED_INCLUDE_IN_FRAMEWORK_HEADER = YES;
				CLANG_WARN_RANGE_LOOP_ANALYSIS = YES;
				CLANG_WARN_STRICT_PROTOTYPES = YES;
				CLANG_WARN_SUSPICIOUS_MOVE = YES;
				CLANG_WARN_UNGUARDED_AVAILABILITY = YES_AGGRESSIVE;
				CLANG_WARN_UNREACHABLE_CODE = YES;
				CLANG_WARN__DUPLICATE_METHOD_MATCH = YES;
				COPY_PHASE_STRIP = NO;
				DEBUG_INFORMATION_FORMAT = "dwarf-with-dsym";
				ENABLE_NS_ASSERTIONS = NO;
				ENABLE_STRICT_OBJC_MSGSEND = YES;
				GCC_C_LANGUAGE_STANDARD = gnu11;
				GCC_NO_COMMON_BLOCKS = YES;
				GCC_WARN_64_TO_32_BIT_CONVERSION = YES;
				GCC_WARN_ABOUT_RETURN_TYPE = YES_ERROR;
				GCC_WARN_UNDECLARED_SELECTOR = YES;
				GCC_WARN_UNINITIALIZED_AUTOS = YES_AGGRESSIVE;
				GCC_WARN_UNUSED_FUNCTION = YES;
				GCC_WARN_UNUSED_VARIABLE = YES;
				IPHONEOS_DEPLOYMENT_TARGET = 15.4;
				MTL_ENABLE_DEBUG_INFO = NO;
				MTL_FAST_MATH = YES;
				SDKROOT = iphoneos;
				SWIFT_COMPILATION_MODE = wholemodule;
				SWIFT_OPTIMIZATION_LEVEL = "-O";
				VALIDATE_PRODUCT = YES;
			};
			name = Release;
		};
		0F349634280847FA002A4A2C /* Debug */ = {
			isa = XCBuildConfiguration;
			buildSettings = {
				ASSETCATALOG_COMPILER_APPICON_NAME = AppIcon;
				ASSETCATALOG_COMPILER_GLOBAL_ACCENT_COLOR_NAME = AccentColor;
				CODE_SIGN_STYLE = Automatic;
				CURRENT_PROJECT_VERSION = 1;
				DEVELOPMENT_ASSET_PATHS = "\"MobileNote/Preview Content\"";
				DEVELOPMENT_TEAM = 8FGFU2BT8C;
				ENABLE_PREVIEWS = YES;
				GENERATE_INFOPLIST_FILE = YES;
				INFOPLIST_KEY_UIApplicationSceneManifest_Generation = YES;
				INFOPLIST_KEY_UIApplicationSupportsIndirectInputEvents = YES;
				INFOPLIST_KEY_UILaunchScreen_Generation = YES;
				INFOPLIST_KEY_UISupportedInterfaceOrientations_iPad = "UIInterfaceOrientationPortrait UIInterfaceOrientationPortraitUpsideDown UIInterfaceOrientationLandscapeLeft UIInterfaceOrientationLandscapeRight";
				INFOPLIST_KEY_UISupportedInterfaceOrientations_iPhone = "UIInterfaceOrientationPortrait UIInterfaceOrientationLandscapeLeft UIInterfaceOrientationLandscapeRight";
				LD_RUNPATH_SEARCH_PATHS = (
					"$(inherited)",
					"@executable_path/Frameworks",
				);
				MARKETING_VERSION = 1.0;
				PRODUCT_BUNDLE_IDENTIFIER = wang.ismy.MobileNote;
				PRODUCT_NAME = "$(TARGET_NAME)";
				SWIFT_EMIT_LOC_STRINGS = YES;
				SWIFT_VERSION = 5.0;
				TARGETED_DEVICE_FAMILY = "1,2";
			};
			name = Debug;
		};
		0F349635280847FA002A4A2C /* Release */ = {
			isa = XCBuildConfiguration;
			buildSettings = {
				ASSETCATALOG_COMPILER_APPICON_NAME = AppIcon;
				ASSETCATALOG_COMPILER_GLOBAL_ACCENT_COLOR_NAME = AccentColor;
				CODE_SIGN_STYLE = Automatic;
				CURRENT_PROJECT_VERSION = 1;
				DEVELOPMENT_ASSET_PATHS = "\"MobileNote/Preview Content\"";
				DEVELOPMENT_TEAM = 8FGFU2BT8C;
				ENABLE_PREVIEWS = YES;
				GENERATE_INFOPLIST_FILE = YES;
				INFOPLIST_KEY_UIApplicationSceneManifest_Generation = YES;
				INFOPLIST_KEY_UIApplicationSupportsIndirectInputEvents = YES;
				INFOPLIST_KEY_UILaunchScreen_Generation = YES;
				INFOPLIST_KEY_UISupportedInterfaceOrientations_iPad = "UIInterfaceOrientationPortrait UIInterfaceOrientationPortraitUpsideDown UIInterfaceOrientationLandscapeLeft UIInterfaceOrientationLandscapeRight";
				INFOPLIST_KEY_UISupportedInterfaceOrientations_iPhone = "UIInterfaceOrientationPortrait UIInterfaceOrientationLandscapeLeft UIInterfaceOrientationLandscapeRight";
				LD_RUNPATH_SEARCH_PATHS = (
					"$(inherited)",
					"@executable_path/Frameworks",
				);
				MARKETING_VERSION = 1.0;
				PRODUCT_BUNDLE_IDENTIFIER = wang.ismy.MobileNote;
				PRODUCT_NAME = "$(TARGET_NAME)";
				SWIFT_EMIT_LOC_STRINGS = YES;
				SWIFT_VERSION = 5.0;
				TARGETED_DEVICE_FAMILY = "1,2";
			};
			name = Release;
		};
/* End XCBuildConfiguration section */

/* Begin XCConfigurationList section */
		0F2BF5E6280853A100449575 /* Build configuration list for PBXNativeTarget "MobileNoteTests" */ = {
			isa = XCConfigurationList;
			buildConfigurations = (
				0F2BF5E7280853A100449575 /* Debug */,
				0F2BF5E8280853A100449575 /* Release */,
			);
			defaultConfigurationIsVisible = 0;
			defaultConfigurationName = Release;
		};
		0F349620280847EE002A4A2C /* Build configuration list for PBXProject "MobileNote" */ = {
			isa = XCConfigurationList;
			buildConfigurations = (
				0F349631280847FA002A4A2C /* Debug */,
				0F349632280847FA002A4A2C /* Release */,
			);
			defaultConfigurationIsVisible = 0;
			defaultConfigurationName = Release;
		};
		0F349633280847FA002A4A2C /* Build configuration list for PBXNativeTarget "MobileNote" */ = {
			isa = XCConfigurationList;
			buildConfigurations = (
				0F349634280847FA002A4A2C /* Debug */,
				0F349635280847FA002A4A2C /* Release */,
			);
			defaultConfigurationIsVisible = 0;
			defaultConfigurationName = Release;
		};
/* End XCConfigurationList section */

/* Begin XCRemoteSwiftPackageReference section */
		0F737A9428085C1C00CC5A45 /* XCRemoteSwiftPackageReference "Alamofire" */ = {
			isa = XCRemoteSwiftPackageReference;
			repositoryURL = "https://github.com/Alamofire/Alamofire.git";
			requirement = {
				kind = upToNextMajorVersion;
				minimumVersion = 5.0.0;
			};
		};
		0F737A9A2808783D00CC5A45 /* XCRemoteSwiftPackageReference "Ink" */ = {
			isa = XCRemoteSwiftPackageReference;
			repositoryURL = "https://github.com/JohnSundell/Ink.git";
			requirement = {
				kind = upToNextMajorVersion;
				minimumVersion = 0.5.1;
			};
		};
		0F73A5B1280AE5FE0087FEB2 /* XCRemoteSwiftPackageReference "SwiftSoup" */ = {
			isa = XCRemoteSwiftPackageReference;
			repositoryURL = "https://github.com/scinfu/SwiftSoup.git";
			requirement = {
				kind = upToNextMajorVersion;
				minimumVersion = 2.0.0;
			};
		};
		0FD1327F280BF728005ACE3B /* XCRemoteSwiftPackageReference "swiftui-image-viewer" */ = {
			isa = XCRemoteSwiftPackageReference;
			repositoryURL = "https://github.com/Jake-Short/swiftui-image-viewer.git";
			requirement = {
				kind = upToNextMajorVersion;
				minimumVersion = 2.0.0;
			};
		};
/* End XCRemoteSwiftPackageReference section */

/* Begin XCSwiftPackageProductDependency section */
		0F737A9528085C1C00CC5A45 /* Alamofire */ = {
			isa = XCSwiftPackageProductDependency;
			package = 0F737A9428085C1C00CC5A45 /* XCRemoteSwiftPackageReference "Alamofire" */;
			productName = Alamofire;
		};
		0F737A9B2808783D00CC5A45 /* Ink */ = {
			isa = XCSwiftPackageProductDependency;
			package = 0F737A9A2808783D00CC5A45 /* XCRemoteSwiftPackageReference "Ink" */;
			productName = Ink;
		};
		0F73A5B2280AE5FE0087FEB2 /* SwiftSoup */ = {
			isa = XCSwiftPackageProductDependency;
			package = 0F73A5B1280AE5FE0087FEB2 /* XCRemoteSwiftPackageReference "SwiftSoup" */;
			productName = SwiftSoup;
		};
		0FD13280280BF728005ACE3B /* ImageViewer */ = {
			isa = XCSwiftPackageProductDependency;
			package = 0FD1327F280BF728005ACE3B /* XCRemoteSwiftPackageReference "swiftui-image-viewer" */;
			productName = ImageViewer;
		};
		0FD13282280BF728005ACE3B /* ImageViewerRemote */ = {
			isa = XCSwiftPackageProductDependency;
			package = 0FD1327F280BF728005ACE3B /* XCRemoteSwiftPackageReference "swiftui-image-viewer" */;
			productName = ImageViewerRemote;
		};
/* End XCSwiftPackageProductDependency section */
	};
	rootObject = 0F34961D280847EE002A4A2C /* Project object */;
}
